
Microsoft Visual Studio Solution File, Format Version 12.00
# Visual Studio Version 17
VisualStudioVersion = 17.5.2.0
MinimumVisualStudioVersion = 10.0.40219.1
Project("{FAE04EC0-301F-11D3-BF4B-00C04F79EFBC}") = "Cars Management", "Cars Management\Cars Management.csproj", "{7061B44A-88E9-E778-E577-14E78591D6DF}"
EndProject
Project("{FAE04EC0-301F-11D3-BF4B-00C04F79EFBC}") = "Cars.Tests", "Cars.Tests\Cars.Tests.csproj", "{B13FABC6-85A7-4F1D-B3DE-1CFCD1CFA29E}"
EndProject
Global
	GlobalSection(SolutionConfigurationPlatforms) = preSolution
		Debug|Any CPU = Debug|Any CPU
		Debug|x64 = Debug|x64
		Debug|x86 = Debug|x86
		Release|Any CPU = Release|Any CPU
		Release|x64 = Release|x64
		Release|x86 = Release|x86
	EndGlobalSection
	GlobalSection(ProjectConfigurationPlatforms) = postSolution
		{7061B44A-88E9-E778-E577-14E78591D6DF}.Debug|Any CPU.ActiveCfg = Debug|Any CPU
		{7061B44A-88E9-E778-E577-14E78591D6DF}.Debug|Any CPU.Build.0 = Debug|Any CPU
		{7061B44A-88E9-E778-E577-14E78591D6DF}.Debug|x64.ActiveCfg = Debug|Any CPU
		{7061B44A-88E9-E778-E577-14E78591D6DF}.Debug|x64.Build.0 = Debug|Any CPU
		{7061B44A-88E9-E778-E577-14E78591D6DF}.Debug|x86.ActiveCfg = Debug|Any CPU
		{7061B44A-88E9-E778-E577-14E78591D6DF}.Debug|x86.Build.0 = Debug|Any CPU
		{7061B44A-88E9-E778-E577-14E78591D6DF}.Release|Any CPU.ActiveCfg = Release|Any CPU
		{7061B44A-88E9-E778-E577-14E78591D6DF}.Release|Any CPU.Build.0 = Release|Any CPU
		{7061B44A-88E9-E778-E577-14E78591D6DF}.Release|x64.ActiveCfg = Release|Any CPU
		{7061B44A-88E9-E778-E577-14E78591D6DF}.Release|x64.Build.0 = Release|Any CPU
		{7061B44A-88E9-E778-E577-14E78591D6DF}.Release|x86.ActiveCfg = Release|Any CPU
		{7061B44A-88E9-E778-E577-14E78591D6DF}.Release|x86.Build.0 = Release|Any CPU
		{B13FABC6-85A7-4F1D-B3DE-1CFCD1CFA29E}.Debug|Any CPU.ActiveCfg = Debug|Any CPU
		{B13FABC6-85A7-4F1D-B3DE-1CFCD1CFA29E}.Debug|Any CPU.Build.0 = Debug|Any CPU
		{B13FABC6-85A7-4F1D-B3DE-1CFCD1CFA29E}.Debug|x64.ActiveCfg = Debug|Any CPU
		{B13FABC6-85A7-4F1D-B3DE-1CFCD1CFA29E}.Debug|x64.Build.0 = Debug|Any CPU
		{B13FABC6-85A7-4F1D-B3DE-1CFCD1CFA29E}.Debug|x86.ActiveCfg = Debug|Any CPU
		{B13FABC6-85A7-4F1D-B3DE-1CFCD1CFA29E}.Debug|x86.Build.0 = Debug|Any CPU
		{B13FABC6-85A7-4F1D-B3DE-1CFCD1CFA29E}.Release|Any CPU.ActiveCfg = Release|Any CPU
		{B13FABC6-85A7-4F1D-B3DE-1CFCD1CFA29E}.Release|Any CPU.Build.0 = Release|Any CPU
		{B13FABC6-85A7-4F1D-B3DE-1CFCD1CFA29E}.Release|x64.ActiveCfg = Release|Any CPU
		{B13FABC6-85A7-4F1D-B3DE-1CFCD1CFA29E}.Release|x64.Build.0 = Release|Any CPU
		{B13FABC6-85A7-4F1D-B3DE-1CFCD1CFA29E}.Release|x86.ActiveCfg = Release|Any CPU
		{B13FABC6-85A7-4F1D-B3DE-1CFCD1CFA29E}.Release|x86.Build.0 = Release|Any CPU
	EndGlobalSection
	GlobalSection(SolutionProperties) = preSolution
		HideSolutionNode = FALSE
	EndGlobalSection
	GlobalSection(ExtensibilityGlobals) = postSolution
		SolutionGuid = {0D9ABDB7-B974-4C53-93A4-87471CD91A28}
	EndGlobalSection
EndGlobal
